
Microsoft Visual Studio Solution File, Format Version 12.00
# Visual Studio 2012
Project("{FAE04EC0-301F-11D3-BF4B-00C04F79EFBC}") = "XamarinTechniques.iOS", "iOS\XamarinTechniques.iOS.csproj", "{53EA20DB-64C9-47E1-A0F2-529AF2064160}"
EndProject
Project("{FAE04EC0-301F-11D3-BF4B-00C04F79EFBC}") = "XamarinTechniques.Droid", "Droid\XamarinTechniques.Droid.csproj", "{55CB14E4-CB2B-495F-B634-6AF86DDDBEEB}"
EndProject
Project("{FAE04EC0-301F-11D3-BF4B-00C04F79EFBC}") = "XamarinTechniques", "XamarinTechniques\XamarinTechniques.csproj", "{B40C4521-CCD7-47BD-9E48-677DD112DF62}"
EndProject
Global
	GlobalSection(SolutionConfigurationPlatforms) = preSolution
		Debug|iPhoneSimulator = Debug|iPhoneSimulator
		Release|iPhone = Release|iPhone
		Release|iPhoneSimulator = Release|iPhoneSimulator
		Debug|iPhone = Debug|iPhone
		Debug|Any CPU = Debug|Any CPU
		Release|Any CPU = Release|Any CPU
	EndGlobalSection
	GlobalSection(ProjectConfigurationPlatforms) = postSolution
		{53EA20DB-64C9-47E1-A0F2-529AF2064160}.Debug|iPhoneSimulator.ActiveCfg = Debug|iPhoneSimulator
		{53EA20DB-64C9-47E1-A0F2-529AF2064160}.Debug|iPhoneSimulator.Build.0 = Debug|iPhoneSimulator
		{53EA20DB-64C9-47E1-A0F2-529AF2064160}.Release|iPhone.ActiveCfg = Release|iPhone
		{53EA20DB-64C9-47E1-A0F2-529AF2064160}.Release|iPhone.Build.0 = Release|iPhone
		{53EA20DB-64C9-47E1-A0F2-529AF2064160}.Release|iPhoneSimulator.ActiveCfg = Release|iPhoneSimulator
		{53EA20DB-64C9-47E1-A0F2-529AF2064160}.Release|iPhoneSimulator.Build.0 = Release|iPhoneSimulator
		{53EA20DB-64C9-47E1-A0F2-529AF2064160}.Debug|iPhone.ActiveCfg = Debug|iPhone
		{53EA20DB-64C9-47E1-A0F2-529AF2064160}.Debug|iPhone.Build.0 = Debug|iPhone
		{53EA20DB-64C9-47E1-A0F2-529AF2064160}.Debug|Any CPU.ActiveCfg = Debug|iPhoneSimulator
		{53EA20DB-64C9-47E1-A0F2-529AF2064160}.Debug|Any CPU.Build.0 = Debug|iPhoneSimulator
		{53EA20DB-64C9-47E1-A0F2-529AF2064160}.Release|Any CPU.ActiveCfg = Release|iPhone
		{53EA20DB-64C9-47E1-A0F2-529AF2064160}.Release|Any CPU.Build.0 = Release|iPhone
		{55CB14E4-CB2B-495F-B634-6AF86DDDBEEB}.Debug|iPhoneSimulator.ActiveCfg = Debug|Any CPU
		{55CB14E4-CB2B-495F-B634-6AF86DDDBEEB}.Debug|iPhoneSimulator.Build.0 = Debug|Any CPU
		{55CB14E4-CB2B-495F-B634-6AF86DDDBEEB}.Release|iPhone.ActiveCfg = Release|Any CPU
		{55CB14E4-CB2B-495F-B634-6AF86DDDBEEB}.Release|iPhone.Build.0 = Release|Any CPU
		{55CB14E4-CB2B-495F-B634-6AF86DDDBEEB}.Release|iPhoneSimulator.ActiveCfg = Release|Any CPU
		{55CB14E4-CB2B-495F-B634-6AF86DDDBEEB}.Release|iPhoneSimulator.Build.0 = Release|Any CPU
		{55CB14E4-CB2B-495F-B634-6AF86DDDBEEB}.Debug|iPhone.ActiveCfg = Debug|Any CPU
		{55CB14E4-CB2B-495F-B634-6AF86DDDBEEB}.Debug|iPhone.Build.0 = Debug|Any CPU
		{55CB14E4-CB2B-495F-B634-6AF86DDDBEEB}.Debug|Any CPU.ActiveCfg = Debug|Any CPU
		{55CB14E4-CB2B-495F-B634-6AF86DDDBEEB}.Debug|Any CPU.Build.0 = Debug|Any CPU
		{55CB14E4-CB2B-495F-B634-6AF86DDDBEEB}.Release|Any CPU.ActiveCfg = Release|Any CPU
		{55CB14E4-CB2B-495F-B634-6AF86DDDBEEB}.Release|Any CPU.Build.0 = Release|Any CPU
		{B40C4521-CCD7-47BD-9E48-677DD112DF62}.Debug|iPhoneSimulator.ActiveCfg = Debug|Any CPU
		{B40C4521-CCD7-47BD-9E48-677DD112DF62}.Debug|iPhoneSimulator.Build.0 = Debug|Any CPU
		{B40C4521-CCD7-47BD-9E48-677DD112DF62}.Release|iPhone.ActiveCfg = Release|Any CPU
		{B40C4521-CCD7-47BD-9E48-677DD112DF62}.Release|iPhone.Build.0 = Release|Any CPU
		{B40C4521-CCD7-47BD-9E48-677DD112DF62}.Release|iPhoneSimulator.ActiveCfg = Release|Any CPU
		{B40C4521-CCD7-47BD-9E48-677DD112DF62}.Release|iPhoneSimulator.Build.0 = Release|Any CPU
		{B40C4521-CCD7-47BD-9E48-677DD112DF62}.Debug|iPhone.ActiveCfg = Debug|Any CPU
		{B40C4521-CCD7-47BD-9E48-677DD112DF62}.Debug|iPhone.Build.0 = Debug|Any CPU
		{B40C4521-CCD7-47BD-9E48-677DD112DF62}.Debug|Any CPU.ActiveCfg = Debug|Any CPU
		{B40C4521-CCD7-47BD-9E48-677DD112DF62}.Debug|Any CPU.Build.0 = Debug|Any CPU
		{B40C4521-CCD7-47BD-9E48-677DD112DF62}.Release|Any CPU.ActiveCfg = Release|Any CPU
		{B40C4521-CCD7-47BD-9E48-677DD112DF62}.Release|Any CPU.Build.0 = Release|Any CPU
	EndGlobalSection
EndGlobal
